
Microsoft Visual Studio Solution File, Format Version 12.00
# Visual Studio Version 16
VisualStudioVersion = 16.0.29728.190
MinimumVisualStudioVersion = 10.0.40219.1
Project("{9A19103F-16F7-4668-BE54-9A1E7A4F7556}") = "TestProject", "TestProject\TestProject.csproj", "{9755CC73-AB78-4E1C-BCCB-6F0E6DB57DF5}"
	ProjectSection(ProjectDependencies) = postProject
		{46A19311-0C30-4C56-9DFD-C2E332A655F1} = {46A19311-0C30-4C56-9DFD-C2E332A655F1}
	EndProjectSection
EndProject
Project("{9A19103F-16F7-4668-BE54-9A1E7A4F7556}") = "ReversiApp", "ReversiApp\ReversiApp.csproj", "{46A19311-0C30-4C56-9DFD-C2E332A655F1}"
EndProject
Global
	GlobalSection(SolutionConfigurationPlatforms) = preSolution
		Debug|Any CPU = Debug|Any CPU
		Release|Any CPU = Release|Any CPU
	EndGlobalSection
	GlobalSection(ProjectConfigurationPlatforms) = postSolution
		{9755CC73-AB78-4E1C-BCCB-6F0E6DB57DF5}.Debug|Any CPU.ActiveCfg = Debug|Any CPU
		{9755CC73-AB78-4E1C-BCCB-6F0E6DB57DF5}.Debug|Any CPU.Build.0 = Debug|Any CPU
		{9755CC73-AB78-4E1C-BCCB-6F0E6DB57DF5}.Release|Any CPU.ActiveCfg = Release|Any CPU
		{9755CC73-AB78-4E1C-BCCB-6F0E6DB57DF5}.Release|Any CPU.Build.0 = Release|Any CPU
		{46A19311-0C30-4C56-9DFD-C2E332A655F1}.Debug|Any CPU.ActiveCfg = Debug|Any CPU
		{46A19311-0C30-4C56-9DFD-C2E332A655F1}.Debug|Any CPU.Build.0 = Debug|Any CPU
		{46A19311-0C30-4C56-9DFD-C2E332A655F1}.Release|Any CPU.ActiveCfg = Release|Any CPU
		{46A19311-0C30-4C56-9DFD-C2E332A655F1}.Release|Any CPU.Build.0 = Release|Any CPU
	EndGlobalSection
	GlobalSection(SolutionProperties) = preSolution
		HideSolutionNode = FALSE
	EndGlobalSection
	GlobalSection(ExtensibilityGlobals) = postSolution
		SolutionGuid = {D46FA8BD-F622-4642-BBA8-F583224E4EEE}
	EndGlobalSection
EndGlobal
